
Microsoft Visual Studio Solution File, Format Version 12.00
# Visual Studio Version 16
VisualStudioVersion = 16.0.31129.286
MinimumVisualStudioVersion = 10.0.40219.1
Project("{9A19103F-16F7-4668-BE54-9A1E7A4F7556}") = "VISABConnector", "VISABConnector\VISABConnector.csproj", "{09BDD6BF-467E-4E01-82FC-DE0409309D0E}"
EndProject
Project("{FAE04EC0-301F-11D3-BF4B-00C04F79EFBC}") = "TestUi", "TestUi\TestUi.csproj", "{AC06B1F8-0571-4583-B5C8-676659511094}"
EndProject
Global
	GlobalSection(SolutionConfigurationPlatforms) = preSolution
		Debug|Any CPU = Debug|Any CPU
		Release|Any CPU = Release|Any CPU
	EndGlobalSection
	GlobalSection(ProjectConfigurationPlatforms) = postSolution
		{09BDD6BF-467E-4E01-82FC-DE0409309D0E}.Debug|Any CPU.ActiveCfg = Debug|Any CPU
		{09BDD6BF-467E-4E01-82FC-DE0409309D0E}.Debug|Any CPU.Build.0 = Debug|Any CPU
		{09BDD6BF-467E-4E01-82FC-DE0409309D0E}.Release|Any CPU.ActiveCfg = Release|Any CPU
		{09BDD6BF-467E-4E01-82FC-DE0409309D0E}.Release|Any CPU.Build.0 = Release|Any CPU
		{AC06B1F8-0571-4583-B5C8-676659511094}.Debug|Any CPU.ActiveCfg = Debug|Any CPU
		{AC06B1F8-0571-4583-B5C8-676659511094}.Debug|Any CPU.Build.0 = Debug|Any CPU
		{AC06B1F8-0571-4583-B5C8-676659511094}.Release|Any CPU.ActiveCfg = Release|Any CPU
		{AC06B1F8-0571-4583-B5C8-676659511094}.Release|Any CPU.Build.0 = Release|Any CPU
	EndGlobalSection
	GlobalSection(SolutionProperties) = preSolution
		HideSolutionNode = FALSE
	EndGlobalSection
	GlobalSection(ExtensibilityGlobals) = postSolution
		SolutionGuid = {D06E8C60-DD7E-4928-9D09-E27934BCA254}
	EndGlobalSection
EndGlobal
